{
  "requires": true,
  "lockfileVersion": 1,
  "dependencies": {
    "reveal.js": {
      "version": "3.9.2",
      "resolved": "https://registry.npmjs.org/reveal.js/-/reveal.js-3.9.2.tgz",
      "integrity": "sha512-Dvv2oA9FrtOHE2DWj5js8pMRfwq++Wmvsn1EyAdYLC80lBjTphns+tPsB652Bnvep9AVviuVS/b4XoVY9rXHLA=="
    }
  }
}
